
Microsoft Visual Studio Solution File, Format Version 12.00
# Visual Studio Version 17
VisualStudioVersion = 17.0.31903.59
MinimumVisualStudioVersion = 10.0.40219.1
Project("{FAE04EC0-301F-11D3-BF4B-00C04F79EFBC}") = "mytransit.rabbitmq", "mytransit.rabbitmq\mytransit.rabbitmq.csproj", "{515D7F87-7D54-4303-BEC5-A153240CE110}"
EndProject
Project("{FAE04EC0-301F-11D3-BF4B-00C04F79EFBC}") = "mytransit.abstractions", "mytransit.abstractions\mytransit.abstractions.csproj", "{A0BB6D7A-4A2D-4847-8E68-1BBA6ED92CF6}"
EndProject
Project("{FAE04EC0-301F-11D3-BF4B-00C04F79EFBC}") = "mytransit.extensions", "mytransit.extensions\mytransit.extensions.csproj", "{8D1C661F-430A-4684-858B-F94F935B3577}"
EndProject
Global
	GlobalSection(SolutionConfigurationPlatforms) = preSolution
		Debug|Any CPU = Debug|Any CPU
		Debug|x64 = Debug|x64
		Debug|x86 = Debug|x86
		Release|Any CPU = Release|Any CPU
		Release|x64 = Release|x64
		Release|x86 = Release|x86
	EndGlobalSection
	GlobalSection(ProjectConfigurationPlatforms) = postSolution
		{515D7F87-7D54-4303-BEC5-A153240CE110}.Debug|Any CPU.ActiveCfg = Debug|Any CPU
		{515D7F87-7D54-4303-BEC5-A153240CE110}.Debug|Any CPU.Build.0 = Debug|Any CPU
		{515D7F87-7D54-4303-BEC5-A153240CE110}.Debug|x64.ActiveCfg = Debug|Any CPU
		{515D7F87-7D54-4303-BEC5-A153240CE110}.Debug|x64.Build.0 = Debug|Any CPU
		{515D7F87-7D54-4303-BEC5-A153240CE110}.Debug|x86.ActiveCfg = Debug|Any CPU
		{515D7F87-7D54-4303-BEC5-A153240CE110}.Debug|x86.Build.0 = Debug|Any CPU
		{515D7F87-7D54-4303-BEC5-A153240CE110}.Release|Any CPU.ActiveCfg = Release|Any CPU
		{515D7F87-7D54-4303-BEC5-A153240CE110}.Release|Any CPU.Build.0 = Release|Any CPU
		{515D7F87-7D54-4303-BEC5-A153240CE110}.Release|x64.ActiveCfg = Release|Any CPU
		{515D7F87-7D54-4303-BEC5-A153240CE110}.Release|x64.Build.0 = Release|Any CPU
		{515D7F87-7D54-4303-BEC5-A153240CE110}.Release|x86.ActiveCfg = Release|Any CPU
		{515D7F87-7D54-4303-BEC5-A153240CE110}.Release|x86.Build.0 = Release|Any CPU
		{A0BB6D7A-4A2D-4847-8E68-1BBA6ED92CF6}.Debug|Any CPU.ActiveCfg = Debug|Any CPU
		{A0BB6D7A-4A2D-4847-8E68-1BBA6ED92CF6}.Debug|Any CPU.Build.0 = Debug|Any CPU
		{A0BB6D7A-4A2D-4847-8E68-1BBA6ED92CF6}.Debug|x64.ActiveCfg = Debug|Any CPU
		{A0BB6D7A-4A2D-4847-8E68-1BBA6ED92CF6}.Debug|x64.Build.0 = Debug|Any CPU
		{A0BB6D7A-4A2D-4847-8E68-1BBA6ED92CF6}.Debug|x86.ActiveCfg = Debug|Any CPU
		{A0BB6D7A-4A2D-4847-8E68-1BBA6ED92CF6}.Debug|x86.Build.0 = Debug|Any CPU
		{A0BB6D7A-4A2D-4847-8E68-1BBA6ED92CF6}.Release|Any CPU.ActiveCfg = Release|Any CPU
		{A0BB6D7A-4A2D-4847-8E68-1BBA6ED92CF6}.Release|Any CPU.Build.0 = Release|Any CPU
		{A0BB6D7A-4A2D-4847-8E68-1BBA6ED92CF6}.Release|x64.ActiveCfg = Release|Any CPU
		{A0BB6D7A-4A2D-4847-8E68-1BBA6ED92CF6}.Release|x64.Build.0 = Release|Any CPU
		{A0BB6D7A-4A2D-4847-8E68-1BBA6ED92CF6}.Release|x86.ActiveCfg = Release|Any CPU
		{A0BB6D7A-4A2D-4847-8E68-1BBA6ED92CF6}.Release|x86.Build.0 = Release|Any CPU
		{8D1C661F-430A-4684-858B-F94F935B3577}.Debug|Any CPU.ActiveCfg = Debug|Any CPU
		{8D1C661F-430A-4684-858B-F94F935B3577}.Debug|Any CPU.Build.0 = Debug|Any CPU
		{8D1C661F-430A-4684-858B-F94F935B3577}.Debug|x64.ActiveCfg = Debug|Any CPU
		{8D1C661F-430A-4684-858B-F94F935B3577}.Debug|x64.Build.0 = Debug|Any CPU
		{8D1C661F-430A-4684-858B-F94F935B3577}.Debug|x86.ActiveCfg = Debug|Any CPU
		{8D1C661F-430A-4684-858B-F94F935B3577}.Debug|x86.Build.0 = Debug|Any CPU
		{8D1C661F-430A-4684-858B-F94F935B3577}.Release|Any CPU.ActiveCfg = Release|Any CPU
		{8D1C661F-430A-4684-858B-F94F935B3577}.Release|Any CPU.Build.0 = Release|Any CPU
		{8D1C661F-430A-4684-858B-F94F935B3577}.Release|x64.ActiveCfg = Release|Any CPU
		{8D1C661F-430A-4684-858B-F94F935B3577}.Release|x64.Build.0 = Release|Any CPU
		{8D1C661F-430A-4684-858B-F94F935B3577}.Release|x86.ActiveCfg = Release|Any CPU
		{8D1C661F-430A-4684-858B-F94F935B3577}.Release|x86.Build.0 = Release|Any CPU
	EndGlobalSection
	GlobalSection(SolutionProperties) = preSolution
		HideSolutionNode = FALSE
	EndGlobalSection
EndGlobal
